{
  "name": "tempbranch",
  "lockfileVersion": 2,
  "requires": true,
  "packages": {
    "": {
      "dependencies": {
        "@headlessui/react": "^1.6.6",
        "react-phone-number-input": "^3.2.11"
      }
    },
    "node_modules/@headlessui/react": {
      "version": "1.6.6",
      "resolved": "https://registry.npmjs.org/@headlessui/react/-/react-1.6.6.tgz",
      "integrity": "sha512-MFJtmj9Xh/hhBMhLccGbBoSk+sk61BlP6sJe4uQcVMtXZhCgGqd2GyIQzzmsdPdTEWGSF434CBi8mnhR6um46Q==",
      "engines": {
        "node": ">=10"
      },
      "peerDependencies": {
        "react": "^16 || ^17 || ^18",
        "react-dom": "^16 || ^17 || ^18"
      }
    },
    "node_modules/classnames": {
      "version": "2.3.2",
      "resolved": "https://registry.npmjs.org/classnames/-/classnames-2.3.2.tgz",
      "integrity": "sha512-CSbhY4cFEJRe6/GQzIk5qXZ4Jeg5pcsP7b5peFSDpffpe1cqjASH/n9UTjBwOp6XpMSTwQ8Za2K5V02ueA7Tmw=="
    },
    "node_modules/country-flag-icons": {
      "version": "1.5.5",
      "resolved": "https://registry.npmjs.org/country-flag-icons/-/country-flag-icons-1.5.5.tgz",
      "integrity": "sha512-k4WXZ/WvWOSiYXRG1n8EYHNr1m/IX0GffKqAidaet5DrJsDOmJ8Q/8JvvONhZNnKYg24s4lvsm+9og1HcuIU/g=="
    },
    "node_modules/input-format": {
      "version": "0.3.8",
      "resolved": "https://registry.npmjs.org/input-format/-/input-format-0.3.8.tgz",
      "integrity": "sha512-tLR0XRig1xIcG1PtIpMd/uoltvkAI62CN9OIbtj4/tEJAkqTCQLNHUZ9N4M46w0dopny7Rlt/lRH5Xzp7e6F+g==",
      "dependencies": {
        "prop-types": "^15.8.1"
      }
    },
    "node_modules/js-tokens": {
      "version": "4.0.0",
      "resolved": "https://registry.npmjs.org/js-tokens/-/js-tokens-4.0.0.tgz",
      "integrity": "sha512-RdJUflcE3cUzKiMqQgsCu06FPu9UdIJO0beYbPhHN4k6apgJtifcoCtT9bcxOpYBtpD2kCM6Sbzg4CausW/PKQ=="
    },
    "node_modules/libphonenumber-js": {
      "version": "1.10.13",
      "resolved": "https://registry.npmjs.org/libphonenumber-js/-/libphonenumber-js-1.10.13.tgz",
      "integrity": "sha512-b74iyWmwb4GprAUPjPkJ11GTC7KX4Pd3onpJfKxYyY8y9Rbb4ERY47LvCMEDM09WD3thiLDMXtkfDK/AX+zT7Q=="
    },
    "node_modules/loose-envify": {
      "version": "1.4.0",
      "resolved": "https://registry.npmjs.org/loose-envify/-/loose-envify-1.4.0.tgz",
      "integrity": "sha512-lyuxPGr/Wfhrlem2CL/UcnUc1zcqKAImBDzukY7Y5F/yQiNdko6+fRLevlw1HgMySw7f611UIY408EtxRSoK3Q==",
      "dependencies": {
        "js-tokens": "^3.0.0 || ^4.0.0"
      },
      "bin": {
        "loose-envify": "cli.js"
      }
    },
    "node_modules/object-assign": {
      "version": "4.1.1",
      "resolved": "https://registry.npmjs.org/object-assign/-/object-assign-4.1.1.tgz",
      "integrity": "sha512-rJgTQnkUnH1sFw8yT6VSU3zD3sWmu6sZhIseY8VX+GRu3P6F7Fu+JNDoXfklElbLJSnc3FUQHVe4cU5hj+BcUg==",
      "engines": {
        "node": ">=0.10.0"
      }
    },
    "node_modules/prop-types": {
      "version": "15.8.1",
      "resolved": "https://registry.npmjs.org/prop-types/-/prop-types-15.8.1.tgz",
      "integrity": "sha512-oj87CgZICdulUohogVAR7AjlC0327U4el4L6eAvOqCeudMDVU0NThNaV+b9Df4dXgSP1gXMTnPdhfe/2qDH5cg==",
      "dependencies": {
        "loose-envify": "^1.4.0",
        "object-assign": "^4.1.1",
        "react-is": "^16.13.1"
      }
    },
    "node_modules/react": {
      "version": "18.2.0",
      "resolved": "https://registry.npmjs.org/react/-/react-18.2.0.tgz",
      "integrity": "sha512-/3IjMdb2L9QbBdWiW5e3P2/npwMBaU9mHCSCUzNln0ZCYbcfTsGbTJrU/kGemdH2IWmB2ioZ+zkxtmq6g09fGQ==",
      "peer": true,
      "dependencies": {
        "loose-envify": "^1.1.0"
      },
      "engines": {
        "node": ">=0.10.0"
      }
    },
    "node_modules/react-dom": {
      "version": "18.2.0",
      "resolved": "https://registry.npmjs.org/react-dom/-/react-dom-18.2.0.tgz",
      "integrity": "sha512-6IMTriUmvsjHUjNtEDudZfuDQUoWXVxKHhlEGSk81n4YFS+r/Kl99wXiwlVXtPBtJenozv2P+hxDsw9eA7Xo6g==",
      "peer": true,
      "dependencies": {
        "loose-envify": "^1.1.0",
        "scheduler": "^0.23.0"
      },
      "peerDependencies": {
        "react": "^18.2.0"
      }
    },
    "node_modules/react-is": {
      "version": "16.13.1",
      "resolved": "https://registry.npmjs.org/react-is/-/react-is-16.13.1.tgz",
      "integrity": "sha512-24e6ynE2H+OKt4kqsOvNd8kBpV65zoxbA4BVsEOB3ARVWQki/DHzaUoC5KuON/BiccDaCCTZBuOcfZs70kR8bQ=="
    },
    "node_modules/react-phone-number-input": {
      "version": "3.2.11",
      "resolved": "https://registry.npmjs.org/react-phone-number-input/-/react-phone-number-input-3.2.11.tgz",
      "integrity": "sha512-fcY6KHCqG9qDzlUhuCj0QdP1/THW6lUu9UwuOEfFQU/eRhPasv52DzBINRRrhVPJ/N2qsbSShKBt3WX0Igu3Lw==",
      "dependencies": {
        "classnames": "^2.3.1",
        "country-flag-icons": "^1.5.4",
        "input-format": "^0.3.8",
        "libphonenumber-js": "^1.10.13",
        "prop-types": "^15.8.1"
      },
      "peerDependencies": {
        "react": ">=16.8",
        "react-dom": ">=16.8"
      }
    },
    "node_modules/scheduler": {
      "version": "0.23.0",
      "resolved": "https://registry.npmjs.org/scheduler/-/scheduler-0.23.0.tgz",
      "integrity": "sha512-CtuThmgHNg7zIZWAXi3AsyIzA3n4xx7aNyjwC2VJldO2LMVDhFK+63xGqq6CsJH4rTAt6/M+N4GhZiDYPx9eUw==",
      "peer": true,
      "dependencies": {
        "loose-envify": "^1.1.0"
      }
    }
  },
  "dependencies": {
    "@headlessui/react": {
      "version": "1.6.6",
      "resolved": "https://registry.npmjs.org/@headlessui/react/-/react-1.6.6.tgz",
      "integrity": "sha512-MFJtmj9Xh/hhBMhLccGbBoSk+sk61BlP6sJe4uQcVMtXZhCgGqd2GyIQzzmsdPdTEWGSF434CBi8mnhR6um46Q==",
      "requires": {}
    },
    "classnames": {
      "version": "2.3.2",
      "resolved": "https://registry.npmjs.org/classnames/-/classnames-2.3.2.tgz",
      "integrity": "sha512-CSbhY4cFEJRe6/GQzIk5qXZ4Jeg5pcsP7b5peFSDpffpe1cqjASH/n9UTjBwOp6XpMSTwQ8Za2K5V02ueA7Tmw=="
    },
    "country-flag-icons": {
      "version": "1.5.5",
      "resolved": "https://registry.npmjs.org/country-flag-icons/-/country-flag-icons-1.5.5.tgz",
      "integrity": "sha512-k4WXZ/WvWOSiYXRG1n8EYHNr1m/IX0GffKqAidaet5DrJsDOmJ8Q/8JvvONhZNnKYg24s4lvsm+9og1HcuIU/g=="
    },
    "input-format": {
      "version": "0.3.8",
      "resolved": "https://registry.npmjs.org/input-format/-/input-format-0.3.8.tgz",
      "integrity": "sha512-tLR0XRig1xIcG1PtIpMd/uoltvkAI62CN9OIbtj4/tEJAkqTCQLNHUZ9N4M46w0dopny7Rlt/lRH5Xzp7e6F+g==",
      "requires": {
        "prop-types": "^15.8.1"
      }
    },
    "js-tokens": {
      "version": "4.0.0",
      "resolved": "https://registry.npmjs.org/js-tokens/-/js-tokens-4.0.0.tgz",
      "integrity": "sha512-RdJUflcE3cUzKiMqQgsCu06FPu9UdIJO0beYbPhHN4k6apgJtifcoCtT9bcxOpYBtpD2kCM6Sbzg4CausW/PKQ=="
    },
    "libphonenumber-js": {
      "version": "1.10.13",
      "resolved": "https://registry.npmjs.org/libphonenumber-js/-/libphonenumber-js-1.10.13.tgz",
      "integrity": "sha512-b74iyWmwb4GprAUPjPkJ11GTC7KX4Pd3onpJfKxYyY8y9Rbb4ERY47LvCMEDM09WD3thiLDMXtkfDK/AX+zT7Q=="
    },
    "loose-envify": {
      "version": "1.4.0",
      "resolved": "https://registry.npmjs.org/loose-envify/-/loose-envify-1.4.0.tgz",
      "integrity": "sha512-lyuxPGr/Wfhrlem2CL/UcnUc1zcqKAImBDzukY7Y5F/yQiNdko6+fRLevlw1HgMySw7f611UIY408EtxRSoK3Q==",
      "requires": {
        "js-tokens": "^3.0.0 || ^4.0.0"
      }
    },
    "object-assign": {
      "version": "4.1.1",
      "resolved": "https://registry.npmjs.org/object-assign/-/object-assign-4.1.1.tgz",
      "integrity": "sha512-rJgTQnkUnH1sFw8yT6VSU3zD3sWmu6sZhIseY8VX+GRu3P6F7Fu+JNDoXfklElbLJSnc3FUQHVe4cU5hj+BcUg=="
    },
    "prop-types": {
      "version": "15.8.1",
      "resolved": "https://registry.npmjs.org/prop-types/-/prop-types-15.8.1.tgz",
      "integrity": "sha512-oj87CgZICdulUohogVAR7AjlC0327U4el4L6eAvOqCeudMDVU0NThNaV+b9Df4dXgSP1gXMTnPdhfe/2qDH5cg==",
      "requires": {
        "loose-envify": "^1.4.0",
        "object-assign": "^4.1.1",
        "react-is": "^16.13.1"
      }
    },
    "react": {
      "version": "18.2.0",
      "resolved": "https://registry.npmjs.org/react/-/react-18.2.0.tgz",
      "integrity": "sha512-/3IjMdb2L9QbBdWiW5e3P2/npwMBaU9mHCSCUzNln0ZCYbcfTsGbTJrU/kGemdH2IWmB2ioZ+zkxtmq6g09fGQ==",
      "peer": true,
      "requires": {
        "loose-envify": "^1.1.0"
      }
    },
    "react-dom": {
      "version": "18.2.0",
      "resolved": "https://registry.npmjs.org/react-dom/-/react-dom-18.2.0.tgz",
      "integrity": "sha512-6IMTriUmvsjHUjNtEDudZfuDQUoWXVxKHhlEGSk81n4YFS+r/Kl99wXiwlVXtPBtJenozv2P+hxDsw9eA7Xo6g==",
      "peer": true,
      "requires": {
        "loose-envify": "^1.1.0",
        "scheduler": "^0.23.0"
      }
    },
    "react-is": {
      "version": "16.13.1",
      "resolved": "https://registry.npmjs.org/react-is/-/react-is-16.13.1.tgz",
      "integrity": "sha512-24e6ynE2H+OKt4kqsOvNd8kBpV65zoxbA4BVsEOB3ARVWQki/DHzaUoC5KuON/BiccDaCCTZBuOcfZs70kR8bQ=="
    },
    "react-phone-number-input": {
      "version": "3.2.11",
      "resolved": "https://registry.npmjs.org/react-phone-number-input/-/react-phone-number-input-3.2.11.tgz",
      "integrity": "sha512-fcY6KHCqG9qDzlUhuCj0QdP1/THW6lUu9UwuOEfFQU/eRhPasv52DzBINRRrhVPJ/N2qsbSShKBt3WX0Igu3Lw==",
      "requires": {
        "classnames": "^2.3.1",
        "country-flag-icons": "^1.5.4",
        "input-format": "^0.3.8",
        "libphonenumber-js": "^1.10.13",
        "prop-types": "^15.8.1"
      }
    },
    "scheduler": {
      "version": "0.23.0",
      "resolved": "https://registry.npmjs.org/scheduler/-/scheduler-0.23.0.tgz",
      "integrity": "sha512-CtuThmgHNg7zIZWAXi3AsyIzA3n4xx7aNyjwC2VJldO2LMVDhFK+63xGqq6CsJH4rTAt6/M+N4GhZiDYPx9eUw==",
      "peer": true,
      "requires": {
        "loose-envify": "^1.1.0"
      }
    }
  }
}
